
Microsoft Visual Studio Solution File, Format Version 12.00
Project("{FAE04EC0-301F-11D3-BF4B-00C04F79EFBC}") = "SpaceKatMotionMapper", "SpaceKatMotionMapper\SpaceKatMotionMapper.csproj", "{3F10C181-BDD1-4860-BE02-2179D7039E55}"
EndProject
Project("{FAE04EC0-301F-11D3-BF4B-00C04F79EFBC}") = "SpaceKatHIDWrapper", "SpaceKatHIDWrapper\SpaceKatHIDWrapper.csproj", "{F03CB158-40F1-4D23-824D-7C14D0A6BA4B}"
EndProject
Project("{FAE04EC0-301F-11D3-BF4B-00C04F79EFBC}") = "Win32Helpers", "Win32Helpers\Win32Helpers.csproj", "{F79CA2E8-97ED-4CD7-BA25-4E98DC6075B7}"
EndProject
Project("{FAE04EC0-301F-11D3-BF4B-00C04F79EFBC}") = "MetaKeyPresetsEditor", "MetaKeyPresetsEditor\MetaKeyPresetsEditor.csproj", "{1482F207-F037-4DC0-B32B-38E704AA3CF8}"
EndProject
Project("{FAE04EC0-301F-11D3-BF4B-00C04F79EFBC}") = "SpaceKat.Shared", "SpaceKat.Shared\SpaceKat.Shared.csproj", "{A28A5E00-7E89-46B5-88BD-20909C5B10F0}"
EndProject
Project("{FAE04EC0-301F-11D3-BF4B-00C04F79EFBC}") = "PlatformAbstractions", "PlatformAbstractions\PlatformAbstractions.csproj", "{C06A0FD1-CC5C-4256-A9B7-C094635B33DF}"
EndProject
Project("{FAE04EC0-301F-11D3-BF4B-00C04F79EFBC}") = "SpaceKatMotionMapper.Tests", "SpaceKatMotionMapper.Tests\SpaceKatMotionMapper.Tests.csproj", "{0E95CBE6-FEDA-493A-B571-17B83CAFD09F}"
EndProject
Project("{FAE04EC0-301F-11D3-BF4B-00C04F79EFBC}") = "SpaceKatHIDWrapper.Tests", "SpaceKatHIDWrapper.Tests\SpaceKatHIDWrapper.Tests.csproj", "{5D1CC6D2-4D21-4514-87CD-D4014853AF2A}"
EndProject
Project("{FAE04EC0-301F-11D3-BF4B-00C04F79EFBC}") = "Win32Helpers.Tests", "Win32Helpers.Tests\Win32Helpers.Tests.csproj", "{5D5FC4C5-C5EA-46C9-AA45-700C4F214451}"
EndProject
Project("{FAE04EC0-301F-11D3-BF4B-00C04F79EFBC}") = "MetaKeyPresetsEditor.Tests", "MetaKeyPresetsEditor.Tests\MetaKeyPresetsEditor.Tests.csproj", "{5055AA8E-D53E-4A6A-BFC1-478D89130154}"
EndProject
Project("{FAE04EC0-301F-11D3-BF4B-00C04F79EFBC}") = "SpaceKat.Shared.Tests", "SpaceKat.Shared.Tests\SpaceKat.Shared.Tests.csproj", "{DAB154DC-9EC5-4152-A388-743DF8C724DA}"
EndProject
Project("{FAE04EC0-301F-11D3-BF4B-00C04F79EFBC}") = "PlatformAbstractions.Tests", "PlatformAbstractions.Tests\PlatformAbstractions.Tests.csproj", "{53B8EE63-6991-4E5C-B4B7-B5B416E3D956}"
EndProject
Project("{FAE04EC0-301F-11D3-BF4B-00C04F79EFBC}") = "LinuxHelpers", "LinuxHelpers\LinuxHelpers.csproj", "{B0AF2ABF-00B1-49EE-B417-07BEB18663F6}"
EndProject
Project("{FAE04EC0-301F-11D3-BF4B-00C04F79EFBC}") = "LinuxHelpers.Tests", "LinuxHelpers.Tests\LinuxHelpers.Tests.csproj", "{0D752CA8-BC79-44CC-90BE-33B7F880C251}"
EndProject
Global
	GlobalSection(SolutionConfigurationPlatforms) = preSolution
		Debug|Any CPU = Debug|Any CPU
		Debug|x64 = Debug|x64
		Debug|x86 = Debug|x86
		Release|Any CPU = Release|Any CPU
		Release|x64 = Release|x64
		Release|x86 = Release|x86
	EndGlobalSection
	GlobalSection(ProjectConfigurationPlatforms) = postSolution
		{3F10C181-BDD1-4860-BE02-2179D7039E55}.Debug|Any CPU.ActiveCfg = Debug|Any CPU
		{3F10C181-BDD1-4860-BE02-2179D7039E55}.Debug|Any CPU.Build.0 = Debug|Any CPU
		{3F10C181-BDD1-4860-BE02-2179D7039E55}.Debug|x64.ActiveCfg = Debug|Any CPU
		{3F10C181-BDD1-4860-BE02-2179D7039E55}.Debug|x64.Build.0 = Debug|Any CPU
		{3F10C181-BDD1-4860-BE02-2179D7039E55}.Debug|x86.ActiveCfg = Debug|Any CPU
		{3F10C181-BDD1-4860-BE02-2179D7039E55}.Debug|x86.Build.0 = Debug|Any CPU
		{3F10C181-BDD1-4860-BE02-2179D7039E55}.Release|Any CPU.ActiveCfg = Release|Any CPU
		{3F10C181-BDD1-4860-BE02-2179D7039E55}.Release|Any CPU.Build.0 = Release|Any CPU
		{3F10C181-BDD1-4860-BE02-2179D7039E55}.Release|x64.ActiveCfg = Release|Any CPU
		{3F10C181-BDD1-4860-BE02-2179D7039E55}.Release|x64.Build.0 = Release|Any CPU
		{3F10C181-BDD1-4860-BE02-2179D7039E55}.Release|x86.ActiveCfg = Release|Any CPU
		{3F10C181-BDD1-4860-BE02-2179D7039E55}.Release|x86.Build.0 = Release|Any CPU
		{F03CB158-40F1-4D23-824D-7C14D0A6BA4B}.Debug|Any CPU.ActiveCfg = Debug|Any CPU
		{F03CB158-40F1-4D23-824D-7C14D0A6BA4B}.Debug|Any CPU.Build.0 = Debug|Any CPU
		{F03CB158-40F1-4D23-824D-7C14D0A6BA4B}.Debug|x64.ActiveCfg = Debug|Any CPU
		{F03CB158-40F1-4D23-824D-7C14D0A6BA4B}.Debug|x64.Build.0 = Debug|Any CPU
		{F03CB158-40F1-4D23-824D-7C14D0A6BA4B}.Debug|x86.ActiveCfg = Debug|Any CPU
		{F03CB158-40F1-4D23-824D-7C14D0A6BA4B}.Debug|x86.Build.0 = Debug|Any CPU
		{F03CB158-40F1-4D23-824D-7C14D0A6BA4B}.Release|Any CPU.ActiveCfg = Release|Any CPU
		{F03CB158-40F1-4D23-824D-7C14D0A6BA4B}.Release|Any CPU.Build.0 = Release|Any CPU
		{F03CB158-40F1-4D23-824D-7C14D0A6BA4B}.Release|x64.ActiveCfg = Release|Any CPU
		{F03CB158-40F1-4D23-824D-7C14D0A6BA4B}.Release|x64.Build.0 = Release|Any CPU
		{F03CB158-40F1-4D23-824D-7C14D0A6BA4B}.Release|x86.ActiveCfg = Release|Any CPU
		{F03CB158-40F1-4D23-824D-7C14D0A6BA4B}.Release|x86.Build.0 = Release|Any CPU
		{F79CA2E8-97ED-4CD7-BA25-4E98DC6075B7}.Debug|Any CPU.ActiveCfg = Debug|Any CPU
		{F79CA2E8-97ED-4CD7-BA25-4E98DC6075B7}.Debug|Any CPU.Build.0 = Debug|Any CPU
		{F79CA2E8-97ED-4CD7-BA25-4E98DC6075B7}.Debug|x64.ActiveCfg = Debug|Any CPU
		{F79CA2E8-97ED-4CD7-BA25-4E98DC6075B7}.Debug|x64.Build.0 = Debug|Any CPU
		{F79CA2E8-97ED-4CD7-BA25-4E98DC6075B7}.Debug|x86.ActiveCfg = Debug|Any CPU
		{F79CA2E8-97ED-4CD7-BA25-4E98DC6075B7}.Debug|x86.Build.0 = Debug|Any CPU
		{F79CA2E8-97ED-4CD7-BA25-4E98DC6075B7}.Release|Any CPU.ActiveCfg = Release|Any CPU
		{F79CA2E8-97ED-4CD7-BA25-4E98DC6075B7}.Release|Any CPU.Build.0 = Release|Any CPU
		{F79CA2E8-97ED-4CD7-BA25-4E98DC6075B7}.Release|x64.ActiveCfg = Release|Any CPU
		{F79CA2E8-97ED-4CD7-BA25-4E98DC6075B7}.Release|x64.Build.0 = Release|Any CPU
		{F79CA2E8-97ED-4CD7-BA25-4E98DC6075B7}.Release|x86.ActiveCfg = Release|Any CPU
		{F79CA2E8-97ED-4CD7-BA25-4E98DC6075B7}.Release|x86.Build.0 = Release|Any CPU
		{1482F207-F037-4DC0-B32B-38E704AA3CF8}.Debug|Any CPU.ActiveCfg = Debug|Any CPU
		{1482F207-F037-4DC0-B32B-38E704AA3CF8}.Debug|Any CPU.Build.0 = Debug|Any CPU
		{1482F207-F037-4DC0-B32B-38E704AA3CF8}.Debug|x64.ActiveCfg = Debug|Any CPU
		{1482F207-F037-4DC0-B32B-38E704AA3CF8}.Debug|x64.Build.0 = Debug|Any CPU
		{1482F207-F037-4DC0-B32B-38E704AA3CF8}.Debug|x86.ActiveCfg = Debug|Any CPU
		{1482F207-F037-4DC0-B32B-38E704AA3CF8}.Debug|x86.Build.0 = Debug|Any CPU
		{1482F207-F037-4DC0-B32B-38E704AA3CF8}.Release|Any CPU.ActiveCfg = Release|Any CPU
		{1482F207-F037-4DC0-B32B-38E704AA3CF8}.Release|Any CPU.Build.0 = Release|Any CPU
		{1482F207-F037-4DC0-B32B-38E704AA3CF8}.Release|x64.ActiveCfg = Release|Any CPU
		{1482F207-F037-4DC0-B32B-38E704AA3CF8}.Release|x64.Build.0 = Release|Any CPU
		{1482F207-F037-4DC0-B32B-38E704AA3CF8}.Release|x86.ActiveCfg = Release|Any CPU
		{1482F207-F037-4DC0-B32B-38E704AA3CF8}.Release|x86.Build.0 = Release|Any CPU
		{A28A5E00-7E89-46B5-88BD-20909C5B10F0}.Debug|Any CPU.ActiveCfg = Debug|Any CPU
		{A28A5E00-7E89-46B5-88BD-20909C5B10F0}.Debug|Any CPU.Build.0 = Debug|Any CPU
		{A28A5E00-7E89-46B5-88BD-20909C5B10F0}.Debug|x64.ActiveCfg = Debug|Any CPU
		{A28A5E00-7E89-46B5-88BD-20909C5B10F0}.Debug|x64.Build.0 = Debug|Any CPU
		{A28A5E00-7E89-46B5-88BD-20909C5B10F0}.Debug|x86.ActiveCfg = Debug|Any CPU
		{A28A5E00-7E89-46B5-88BD-20909C5B10F0}.Debug|x86.Build.0 = Debug|Any CPU
		{A28A5E00-7E89-46B5-88BD-20909C5B10F0}.Release|Any CPU.ActiveCfg = Release|Any CPU
		{A28A5E00-7E89-46B5-88BD-20909C5B10F0}.Release|Any CPU.Build.0 = Release|Any CPU
		{A28A5E00-7E89-46B5-88BD-20909C5B10F0}.Release|x64.ActiveCfg = Release|Any CPU
		{A28A5E00-7E89-46B5-88BD-20909C5B10F0}.Release|x64.Build.0 = Release|Any CPU
		{A28A5E00-7E89-46B5-88BD-20909C5B10F0}.Release|x86.ActiveCfg = Release|Any CPU
		{A28A5E00-7E89-46B5-88BD-20909C5B10F0}.Release|x86.Build.0 = Release|Any CPU
		{C06A0FD1-CC5C-4256-A9B7-C094635B33DF}.Debug|Any CPU.ActiveCfg = Debug|Any CPU
		{C06A0FD1-CC5C-4256-A9B7-C094635B33DF}.Debug|Any CPU.Build.0 = Debug|Any CPU
		{C06A0FD1-CC5C-4256-A9B7-C094635B33DF}.Debug|x64.ActiveCfg = Debug|Any CPU
		{C06A0FD1-CC5C-4256-A9B7-C094635B33DF}.Debug|x64.Build.0 = Debug|Any CPU
		{C06A0FD1-CC5C-4256-A9B7-C094635B33DF}.Debug|x86.ActiveCfg = Debug|Any CPU
		{C06A0FD1-CC5C-4256-A9B7-C094635B33DF}.Debug|x86.Build.0 = Debug|Any CPU
		{C06A0FD1-CC5C-4256-A9B7-C094635B33DF}.Release|Any CPU.ActiveCfg = Release|Any CPU
		{C06A0FD1-CC5C-4256-A9B7-C094635B33DF}.Release|Any CPU.Build.0 = Release|Any CPU
		{C06A0FD1-CC5C-4256-A9B7-C094635B33DF}.Release|x64.ActiveCfg = Release|Any CPU
		{C06A0FD1-CC5C-4256-A9B7-C094635B33DF}.Release|x64.Build.0 = Release|Any CPU
		{C06A0FD1-CC5C-4256-A9B7-C094635B33DF}.Release|x86.ActiveCfg = Release|Any CPU
		{C06A0FD1-CC5C-4256-A9B7-C094635B33DF}.Release|x86.Build.0 = Release|Any CPU
		{0E95CBE6-FEDA-493A-B571-17B83CAFD09F}.Debug|Any CPU.ActiveCfg = Debug|Any CPU
		{0E95CBE6-FEDA-493A-B571-17B83CAFD09F}.Debug|Any CPU.Build.0 = Debug|Any CPU
		{0E95CBE6-FEDA-493A-B571-17B83CAFD09F}.Debug|x64.ActiveCfg = Debug|Any CPU
		{0E95CBE6-FEDA-493A-B571-17B83CAFD09F}.Debug|x64.Build.0 = Debug|Any CPU
		{0E95CBE6-FEDA-493A-B571-17B83CAFD09F}.Debug|x86.ActiveCfg = Debug|Any CPU
		{0E95CBE6-FEDA-493A-B571-17B83CAFD09F}.Debug|x86.Build.0 = Debug|Any CPU
		{0E95CBE6-FEDA-493A-B571-17B83CAFD09F}.Release|Any CPU.ActiveCfg = Release|Any CPU
		{0E95CBE6-FEDA-493A-B571-17B83CAFD09F}.Release|Any CPU.Build.0 = Release|Any CPU
		{0E95CBE6-FEDA-493A-B571-17B83CAFD09F}.Release|x64.ActiveCfg = Release|Any CPU
		{0E95CBE6-FEDA-493A-B571-17B83CAFD09F}.Release|x64.Build.0 = Release|Any CPU
		{0E95CBE6-FEDA-493A-B571-17B83CAFD09F}.Release|x86.ActiveCfg = Release|Any CPU
		{0E95CBE6-FEDA-493A-B571-17B83CAFD09F}.Release|x86.Build.0 = Release|Any CPU
		{5D1CC6D2-4D21-4514-87CD-D4014853AF2A}.Debug|Any CPU.ActiveCfg = Debug|Any CPU
		{5D1CC6D2-4D21-4514-87CD-D4014853AF2A}.Debug|Any CPU.Build.0 = Debug|Any CPU
		{5D1CC6D2-4D21-4514-87CD-D4014853AF2A}.Debug|x64.ActiveCfg = Debug|Any CPU
		{5D1CC6D2-4D21-4514-87CD-D4014853AF2A}.Debug|x64.Build.0 = Debug|Any CPU
		{5D1CC6D2-4D21-4514-87CD-D4014853AF2A}.Debug|x86.ActiveCfg = Debug|Any CPU
		{5D1CC6D2-4D21-4514-87CD-D4014853AF2A}.Debug|x86.Build.0 = Debug|Any CPU
		{5D1CC6D2-4D21-4514-87CD-D4014853AF2A}.Release|Any CPU.ActiveCfg = Release|Any CPU
		{5D1CC6D2-4D21-4514-87CD-D4014853AF2A}.Release|Any CPU.Build.0 = Release|Any CPU
		{5D1CC6D2-4D21-4514-87CD-D4014853AF2A}.Release|x64.ActiveCfg = Release|Any CPU
		{5D1CC6D2-4D21-4514-87CD-D4014853AF2A}.Release|x64.Build.0 = Release|Any CPU
		{5D1CC6D2-4D21-4514-87CD-D4014853AF2A}.Release|x86.ActiveCfg = Release|Any CPU
		{5D1CC6D2-4D21-4514-87CD-D4014853AF2A}.Release|x86.Build.0 = Release|Any CPU
		{5D5FC4C5-C5EA-46C9-AA45-700C4F214451}.Debug|Any CPU.ActiveCfg = Debug|Any CPU
		{5D5FC4C5-C5EA-46C9-AA45-700C4F214451}.Debug|Any CPU.Build.0 = Debug|Any CPU
		{5D5FC4C5-C5EA-46C9-AA45-700C4F214451}.Debug|x64.ActiveCfg = Debug|Any CPU
		{5D5FC4C5-C5EA-46C9-AA45-700C4F214451}.Debug|x64.Build.0 = Debug|Any CPU
		{5D5FC4C5-C5EA-46C9-AA45-700C4F214451}.Debug|x86.ActiveCfg = Debug|Any CPU
		{5D5FC4C5-C5EA-46C9-AA45-700C4F214451}.Debug|x86.Build.0 = Debug|Any CPU
		{5D5FC4C5-C5EA-46C9-AA45-700C4F214451}.Release|Any CPU.ActiveCfg = Release|Any CPU
		{5D5FC4C5-C5EA-46C9-AA45-700C4F214451}.Release|Any CPU.Build.0 = Release|Any CPU
		{5D5FC4C5-C5EA-46C9-AA45-700C4F214451}.Release|x64.ActiveCfg = Release|Any CPU
		{5D5FC4C5-C5EA-46C9-AA45-700C4F214451}.Release|x64.Build.0 = Release|Any CPU
		{5D5FC4C5-C5EA-46C9-AA45-700C4F214451}.Release|x86.ActiveCfg = Release|Any CPU
		{5D5FC4C5-C5EA-46C9-AA45-700C4F214451}.Release|x86.Build.0 = Release|Any CPU
		{5055AA8E-D53E-4A6A-BFC1-478D89130154}.Debug|Any CPU.ActiveCfg = Debug|Any CPU
		{5055AA8E-D53E-4A6A-BFC1-478D89130154}.Debug|Any CPU.Build.0 = Debug|Any CPU
		{5055AA8E-D53E-4A6A-BFC1-478D89130154}.Debug|x64.ActiveCfg = Debug|Any CPU
		{5055AA8E-D53E-4A6A-BFC1-478D89130154}.Debug|x64.Build.0 = Debug|Any CPU
		{5055AA8E-D53E-4A6A-BFC1-478D89130154}.Debug|x86.ActiveCfg = Debug|Any CPU
		{5055AA8E-D53E-4A6A-BFC1-478D89130154}.Debug|x86.Build.0 = Debug|Any CPU
		{5055AA8E-D53E-4A6A-BFC1-478D89130154}.Release|Any CPU.ActiveCfg = Release|Any CPU
		{5055AA8E-D53E-4A6A-BFC1-478D89130154}.Release|Any CPU.Build.0 = Release|Any CPU
		{5055AA8E-D53E-4A6A-BFC1-478D89130154}.Release|x64.ActiveCfg = Release|Any CPU
		{5055AA8E-D53E-4A6A-BFC1-478D89130154}.Release|x64.Build.0 = Release|Any CPU
		{5055AA8E-D53E-4A6A-BFC1-478D89130154}.Release|x86.ActiveCfg = Release|Any CPU
		{5055AA8E-D53E-4A6A-BFC1-478D89130154}.Release|x86.Build.0 = Release|Any CPU
		{DAB154DC-9EC5-4152-A388-743DF8C724DA}.Debug|Any CPU.ActiveCfg = Debug|Any CPU
		{DAB154DC-9EC5-4152-A388-743DF8C724DA}.Debug|Any CPU.Build.0 = Debug|Any CPU
		{DAB154DC-9EC5-4152-A388-743DF8C724DA}.Debug|x64.ActiveCfg = Debug|Any CPU
		{DAB154DC-9EC5-4152-A388-743DF8C724DA}.Debug|x64.Build.0 = Debug|Any CPU
		{DAB154DC-9EC5-4152-A388-743DF8C724DA}.Debug|x86.ActiveCfg = Debug|Any CPU
		{DAB154DC-9EC5-4152-A388-743DF8C724DA}.Debug|x86.Build.0 = Debug|Any CPU
		{DAB154DC-9EC5-4152-A388-743DF8C724DA}.Release|Any CPU.ActiveCfg = Release|Any CPU
		{DAB154DC-9EC5-4152-A388-743DF8C724DA}.Release|Any CPU.Build.0 = Release|Any CPU
		{DAB154DC-9EC5-4152-A388-743DF8C724DA}.Release|x64.ActiveCfg = Release|Any CPU
		{DAB154DC-9EC5-4152-A388-743DF8C724DA}.Release|x64.Build.0 = Release|Any CPU
		{DAB154DC-9EC5-4152-A388-743DF8C724DA}.Release|x86.ActiveCfg = Release|Any CPU
		{DAB154DC-9EC5-4152-A388-743DF8C724DA}.Release|x86.Build.0 = Release|Any CPU
		{53B8EE63-6991-4E5C-B4B7-B5B416E3D956}.Debug|Any CPU.ActiveCfg = Debug|Any CPU
		{53B8EE63-6991-4E5C-B4B7-B5B416E3D956}.Debug|Any CPU.Build.0 = Debug|Any CPU
		{53B8EE63-6991-4E5C-B4B7-B5B416E3D956}.Debug|x64.ActiveCfg = Debug|Any CPU
		{53B8EE63-6991-4E5C-B4B7-B5B416E3D956}.Debug|x64.Build.0 = Debug|Any CPU
		{53B8EE63-6991-4E5C-B4B7-B5B416E3D956}.Debug|x86.ActiveCfg = Debug|Any CPU
		{53B8EE63-6991-4E5C-B4B7-B5B416E3D956}.Debug|x86.Build.0 = Debug|Any CPU
		{53B8EE63-6991-4E5C-B4B7-B5B416E3D956}.Release|Any CPU.ActiveCfg = Release|Any CPU
		{53B8EE63-6991-4E5C-B4B7-B5B416E3D956}.Release|Any CPU.Build.0 = Release|Any CPU
		{53B8EE63-6991-4E5C-B4B7-B5B416E3D956}.Release|x64.ActiveCfg = Release|Any CPU
		{53B8EE63-6991-4E5C-B4B7-B5B416E3D956}.Release|x64.Build.0 = Release|Any CPU
		{53B8EE63-6991-4E5C-B4B7-B5B416E3D956}.Release|x86.ActiveCfg = Release|Any CPU
		{53B8EE63-6991-4E5C-B4B7-B5B416E3D956}.Release|x86.Build.0 = Release|Any CPU
		{B0AF2ABF-00B1-49EE-B417-07BEB18663F6}.Debug|Any CPU.ActiveCfg = Debug|Any CPU
		{B0AF2ABF-00B1-49EE-B417-07BEB18663F6}.Debug|Any CPU.Build.0 = Debug|Any CPU
		{B0AF2ABF-00B1-49EE-B417-07BEB18663F6}.Debug|x64.ActiveCfg = Debug|Any CPU
		{B0AF2ABF-00B1-49EE-B417-07BEB18663F6}.Debug|x64.Build.0 = Debug|Any CPU
		{B0AF2ABF-00B1-49EE-B417-07BEB18663F6}.Debug|x86.ActiveCfg = Debug|Any CPU
		{B0AF2ABF-00B1-49EE-B417-07BEB18663F6}.Debug|x86.Build.0 = Debug|Any CPU
		{B0AF2ABF-00B1-49EE-B417-07BEB18663F6}.Release|Any CPU.ActiveCfg = Release|Any CPU
		{B0AF2ABF-00B1-49EE-B417-07BEB18663F6}.Release|Any CPU.Build.0 = Release|Any CPU
		{B0AF2ABF-00B1-49EE-B417-07BEB18663F6}.Release|x64.ActiveCfg = Release|Any CPU
		{B0AF2ABF-00B1-49EE-B417-07BEB18663F6}.Release|x64.Build.0 = Release|Any CPU
		{B0AF2ABF-00B1-49EE-B417-07BEB18663F6}.Release|x86.ActiveCfg = Release|Any CPU
		{B0AF2ABF-00B1-49EE-B417-07BEB18663F6}.Release|x86.Build.0 = Release|Any CPU
		{0D752CA8-BC79-44CC-90BE-33B7F880C251}.Debug|Any CPU.ActiveCfg = Debug|Any CPU
		{0D752CA8-BC79-44CC-90BE-33B7F880C251}.Debug|Any CPU.Build.0 = Debug|Any CPU
		{0D752CA8-BC79-44CC-90BE-33B7F880C251}.Debug|x64.ActiveCfg = Debug|Any CPU
		{0D752CA8-BC79-44CC-90BE-33B7F880C251}.Debug|x64.Build.0 = Debug|Any CPU
		{0D752CA8-BC79-44CC-90BE-33B7F880C251}.Debug|x86.ActiveCfg = Debug|Any CPU
		{0D752CA8-BC79-44CC-90BE-33B7F880C251}.Debug|x86.Build.0 = Debug|Any CPU
		{0D752CA8-BC79-44CC-90BE-33B7F880C251}.Release|Any CPU.ActiveCfg = Release|Any CPU
		{0D752CA8-BC79-44CC-90BE-33B7F880C251}.Release|Any CPU.Build.0 = Release|Any CPU
		{0D752CA8-BC79-44CC-90BE-33B7F880C251}.Release|x64.ActiveCfg = Release|Any CPU
		{0D752CA8-BC79-44CC-90BE-33B7F880C251}.Release|x64.Build.0 = Release|Any CPU
		{0D752CA8-BC79-44CC-90BE-33B7F880C251}.Release|x86.ActiveCfg = Release|Any CPU
		{0D752CA8-BC79-44CC-90BE-33B7F880C251}.Release|x86.Build.0 = Release|Any CPU
	EndGlobalSection
	GlobalSection(SolutionProperties) = preSolution
		HideSolutionNode = FALSE
	EndGlobalSection
EndGlobal
